
Microsoft Visual Studio Solution File, Format Version 12.00
Project("{FAE04EC0-301F-11D3-BF4B-00C04F79EFBC}") = "HuntManti", "HuntManti\HuntManti.csproj", "{44B75677-48FB-4B5F-B12A-35BFFFE19BAB}"
EndProject
Global
	GlobalSection(SolutionConfigurationPlatforms) = preSolution
		Debug|Any CPU = Debug|Any CPU
		Release|Any CPU = Release|Any CPU
	EndGlobalSection
	GlobalSection(ProjectConfigurationPlatforms) = postSolution
		{44B75677-48FB-4B5F-B12A-35BFFFE19BAB}.Debug|Any CPU.ActiveCfg = Debug|Any CPU
		{44B75677-48FB-4B5F-B12A-35BFFFE19BAB}.Debug|Any CPU.Build.0 = Debug|Any CPU
		{44B75677-48FB-4B5F-B12A-35BFFFE19BAB}.Release|Any CPU.ActiveCfg = Release|Any CPU
		{44B75677-48FB-4B5F-B12A-35BFFFE19BAB}.Release|Any CPU.Build.0 = Release|Any CPU
	EndGlobalSection
EndGlobal
